
Microsoft Visual Studio Solution File, Format Version 12.00
# Visual Studio Version 16
VisualStudioVersion = 16.0.37327.17
MinimumVisualStudioVersion = 10.0.40219.1
Project("{FAE04EC0-301F-11D3-BF4B-00C04F79EFBC}") = "educsys", "educsys\educsys.csproj", "{ACC23896-A01D-4AB8-9F0D-BE525B97EAB1}"
EndProject
Global
	GlobalSection(SolutionConfigurationPlatforms) = preSolution
		Debug|Any CPU = Debug|Any CPU
		Release|Any CPU = Release|Any CPU
	EndGlobalSection
	GlobalSection(ProjectConfigurationPlatforms) = postSolution
		{ACC23896-A01D-4AB8-9F0D-BE525B97EAB1}.Debug|Any CPU.ActiveCfg = Debug|Any CPU
		{ACC23896-A01D-4AB8-9F0D-BE525B97EAB1}.Debug|Any CPU.Build.0 = Debug|Any CPU
		{ACC23896-A01D-4AB8-9F0D-BE525B97EAB1}.Release|Any CPU.ActiveCfg = Release|Any CPU
		{ACC23896-A01D-4AB8-9F0D-BE525B97EAB1}.Release|Any CPU.Build.0 = Release|Any CPU
	EndGlobalSection
	GlobalSection(SolutionProperties) = preSolution
		HideSolutionNode = FALSE
	EndGlobalSection
	GlobalSection(ExtensibilityGlobals) = postSolution
		SolutionGuid = {4B210BEF-06E6-4802-B009-0AE6D626363B}
	EndGlobalSection
EndGlobal
