
Microsoft Visual Studio Solution File, Format Version 12.00
# Visual Studio Version 16
VisualStudioVersion = 16.0.37327.17
MinimumVisualStudioVersion = 10.0.40219.1
Project("{FAE04EC0-301F-11D3-BF4B-00C04F79EFBC}") = "trackingOfRequests12", "trackingOfRequests12\trackingOfRequests12.csproj", "{041A805F-A811-4EB4-99C8-1CA6E524B7AA}"
EndProject
Global
	GlobalSection(SolutionConfigurationPlatforms) = preSolution
		Debug|Any CPU = Debug|Any CPU
		Release|Any CPU = Release|Any CPU
	EndGlobalSection
	GlobalSection(ProjectConfigurationPlatforms) = postSolution
		{041A805F-A811-4EB4-99C8-1CA6E524B7AA}.Debug|Any CPU.ActiveCfg = Debug|Any CPU
		{041A805F-A811-4EB4-99C8-1CA6E524B7AA}.Debug|Any CPU.Build.0 = Debug|Any CPU
		{041A805F-A811-4EB4-99C8-1CA6E524B7AA}.Release|Any CPU.ActiveCfg = Release|Any CPU
		{041A805F-A811-4EB4-99C8-1CA6E524B7AA}.Release|Any CPU.Build.0 = Release|Any CPU
	EndGlobalSection
	GlobalSection(SolutionProperties) = preSolution
		HideSolutionNode = FALSE
	EndGlobalSection
	GlobalSection(ExtensibilityGlobals) = postSolution
		SolutionGuid = {D11609C0-9386-4556-AF55-9F6ECC948C25}
	EndGlobalSection
EndGlobal
