
Microsoft Visual Studio Solution File, Format Version 12.00
# Visual Studio Version 16
VisualStudioVersion = 16.0.37327.17
MinimumVisualStudioVersion = 10.0.40219.1
Project("{FAE04EC0-301F-11D3-BF4B-00C04F79EFBC}") = "delivery4", "delivery4\delivery4.csproj", "{22D37FF0-A045-43DB-B516-ADEF24F044CC}"
EndProject
Global
	GlobalSection(SolutionConfigurationPlatforms) = preSolution
		Debug|Any CPU = Debug|Any CPU
		Release|Any CPU = Release|Any CPU
	EndGlobalSection
	GlobalSection(ProjectConfigurationPlatforms) = postSolution
		{22D37FF0-A045-43DB-B516-ADEF24F044CC}.Debug|Any CPU.ActiveCfg = Debug|Any CPU
		{22D37FF0-A045-43DB-B516-ADEF24F044CC}.Debug|Any CPU.Build.0 = Debug|Any CPU
		{22D37FF0-A045-43DB-B516-ADEF24F044CC}.Release|Any CPU.ActiveCfg = Release|Any CPU
		{22D37FF0-A045-43DB-B516-ADEF24F044CC}.Release|Any CPU.Build.0 = Release|Any CPU
	EndGlobalSection
	GlobalSection(SolutionProperties) = preSolution
		HideSolutionNode = FALSE
	EndGlobalSection
	GlobalSection(ExtensibilityGlobals) = postSolution
		SolutionGuid = {8AC86245-E669-43CE-AD1C-5009505233EC}
	EndGlobalSection
EndGlobal
